// !$*UTF8*$!
{
	archiveVersion = 1;
	classes = {
	};
	objectVersion = 51;
	objects = {

/* Begin PBXBuildFile section */
		1801039B2574EE9700227154 /* LikeandShareModel.swift in Sources */ = {isa = PBXBuildFile; fileRef = 1801039A2574EE9700227154 /* LikeandShareModel.swift */; };
		180103A02574EEF300227154 /* LikeandShareService.swift in Sources */ = {isa = PBXBuildFile; fileRef = 1801039F2574EEF300227154 /* LikeandShareService.swift */; };
		180103A52574EFA900227154 /* LikeandSharePresenter.swift in Sources */ = {isa = PBXBuildFile; fileRef = 180103A42574EFA900227154 /* LikeandSharePresenter.swift */; };
		185A60CA257398FC009DBA67 /* loginModel.swift in Sources */ = {isa = PBXBuildFile; fileRef = 185A60C9257398FC009DBA67 /* loginModel.swift */; };
		185A60CF2573990F009DBA67 /* otpModel.swift in Sources */ = {isa = PBXBuildFile; fileRef = 185A60CE2573990F009DBA67 /* otpModel.swift */; };
		185A60D725739928009DBA67 /* loginPresenter.swift in Sources */ = {isa = PBXBuildFile; fileRef = 185A60D325739927009DBA67 /* loginPresenter.swift */; };
		185A60D825739928009DBA67 /* otpService.swift in Sources */ = {isa = PBXBuildFile; fileRef = 185A60D425739927009DBA67 /* otpService.swift */; };
		185A60D925739928009DBA67 /* otpPresenter.swift in Sources */ = {isa = PBXBuildFile; fileRef = 185A60D525739927009DBA67 /* otpPresenter.swift */; };
		185A60DA25739928009DBA67 /* loginService.swift in Sources */ = {isa = PBXBuildFile; fileRef = 185A60D625739928009DBA67 /* loginService.swift */; };
		185A60E225739A58009DBA67 /* login.swift in Sources */ = {isa = PBXBuildFile; fileRef = 185A60E125739A58009DBA67 /* login.swift */; };
		185A60E72573A200009DBA67 /* constants.swift in Sources */ = {isa = PBXBuildFile; fileRef = 185A60E62573A200009DBA67 /* constants.swift */; };
		185A60EC2573A225009DBA67 /* Reachability.swift in Sources */ = {isa = PBXBuildFile; fileRef = 185A60EB2573A225009DBA67 /* Reachability.swift */; };
		185A60F12573A255009DBA67 /* otp.swift in Sources */ = {isa = PBXBuildFile; fileRef = 185A60F02573A255009DBA67 /* otp.swift */; };
		185A60F62573A409009DBA67 /* BottomBorder.swift in Sources */ = {isa = PBXBuildFile; fileRef = 185A60F52573A409009DBA67 /* BottomBorder.swift */; };
		185A60FB2573A44D009DBA67 /* userDefault.swift in Sources */ = {isa = PBXBuildFile; fileRef = 185A60FA2573A44D009DBA67 /* userDefault.swift */; };
		338F13DFD037B48C762A41F2 /* Pods_OPS.framework in Frameworks */ = {isa = PBXBuildFile; fileRef = 1F3E83A60D93B8A0AA15DAA8 /* Pods_OPS.framework */; };
		6B07421725A42356004E5232 /* PartyModel.swift in Sources */ = {isa = PBXBuildFile; fileRef = 6B07421625A42356004E5232 /* PartyModel.swift */; };
		6B237C52252AFE0E0001081F /* LiveEvents.swift in Sources */ = {isa = PBXBuildFile; fileRef = 6B237C51252AFE0E0001081F /* LiveEvents.swift */; };
		6B237C57252AFE400001081F /* LiveEventsCell.swift in Sources */ = {isa = PBXBuildFile; fileRef = 6B237C56252AFE400001081F /* LiveEventsCell.swift */; };
		6B237C5C252B02D90001081F /* LiveEventModel.swift in Sources */ = {isa = PBXBuildFile; fileRef = 6B237C5B252B02D90001081F /* LiveEventModel.swift */; };
		6B237C61252B03A20001081F /* LiveEventServices.swift in Sources */ = {isa = PBXBuildFile; fileRef = 6B237C60252B03A20001081F /* LiveEventServices.swift */; };
		6B237C66252B03BA0001081F /* LiveEventPresenter.swift in Sources */ = {isa = PBXBuildFile; fileRef = 6B237C65252B03BA0001081F /* LiveEventPresenter.swift */; };
		6B237C6B252B0E880001081F /* Gallery.swift in Sources */ = {isa = PBXBuildFile; fileRef = 6B237C6A252B0E880001081F /* Gallery.swift */; };
		6B237C73252B0F600001081F /* ImageCollectionViewCell.swift in Sources */ = {isa = PBXBuildFile; fileRef = 6B237C72252B0F600001081F /* ImageCollectionViewCell.swift */; };
		6B237C78252B0F730001081F /* VideoCollectionViewCell.swift in Sources */ = {isa = PBXBuildFile; fileRef = 6B237C77252B0F730001081F /* VideoCollectionViewCell.swift */; };
		6B5DC20D25A05545005F6539 /* BiographyModel.swift in Sources */ = {isa = PBXBuildFile; fileRef = 6B5DC20C25A05545005F6539 /* BiographyModel.swift */; };
		6B5DC21225A05611005F6539 /* BiographyService.swift in Sources */ = {isa = PBXBuildFile; fileRef = 6B5DC21125A05611005F6539 /* BiographyService.swift */; };
		6B5DC21725A05626005F6539 /* BiographyPresenter.swift in Sources */ = {isa = PBXBuildFile; fileRef = 6B5DC21625A05626005F6539 /* BiographyPresenter.swift */; };
		6B6FF6562523BAC400B26C1A /* Dashboard.storyboard in Resources */ = {isa = PBXBuildFile; fileRef = 6B6FF6552523BAC400B26C1A /* Dashboard.storyboard */; };
		6B77DAC125A42A4000DF48DC /* PartyDetails.swift in Sources */ = {isa = PBXBuildFile; fileRef = 6B77DAC025A42A4000DF48DC /* PartyDetails.swift */; };
		6B77DAC625A43C7B00DF48DC /* PartyStateList.swift in Sources */ = {isa = PBXBuildFile; fileRef = 6B77DAC525A43C7A00DF48DC /* PartyStateList.swift */; };
		6B77DACB25A43CAA00DF48DC /* PartyStatePresenter.swift in Sources */ = {isa = PBXBuildFile; fileRef = 6B77DACA25A43CAA00DF48DC /* PartyStatePresenter.swift */; };
		6B77DACD25A43CC700DF48DC /* PartyStateService.swift in Sources */ = {isa = PBXBuildFile; fileRef = 6B77DACC25A43CC700DF48DC /* PartyStateService.swift */; };
		6B77DAD225A43D1600DF48DC /* PartyStateModel.swift in Sources */ = {isa = PBXBuildFile; fileRef = 6B77DAD125A43D1600DF48DC /* PartyStateModel.swift */; };
		6B77DAD725A4401600DF48DC /* PartyStateListCell.swift in Sources */ = {isa = PBXBuildFile; fileRef = 6B77DAD625A4401600DF48DC /* PartyStateListCell.swift */; };
		6B7E4D17252C8A4400815F35 /* ViewController.m in Sources */ = {isa = PBXBuildFile; fileRef = 6B7E4D16252C8A4400815F35 /* ViewController.m */; };
		6B7E4D1C252C8ECB00815F35 /* Social.swift in Sources */ = {isa = PBXBuildFile; fileRef = 6B7E4D1B252C8ECB00815F35 /* Social.swift */; };
		6B7E4D21252C961A00815F35 /* Search.swift in Sources */ = {isa = PBXBuildFile; fileRef = 6B7E4D20252C961A00815F35 /* Search.swift */; };
		6B8A4126252857FF00EE11B2 /* RoundedcornerForUIView.swift in Sources */ = {isa = PBXBuildFile; fileRef = 6B8A4125252857FF00EE11B2 /* RoundedcornerForUIView.swift */; };
		6B8A41282528580700EE11B2 /* ShadowEffectForUIView.swift in Sources */ = {isa = PBXBuildFile; fileRef = 6B8A41272528580700EE11B2 /* ShadowEffectForUIView.swift */; };
		6B8A412A2528581400EE11B2 /* TapToDismissKeypad.swift in Sources */ = {isa = PBXBuildFile; fileRef = 6B8A41292528581400EE11B2 /* TapToDismissKeypad.swift */; };
		6B8B05DC2525DF9900EE03C4 /* TabbarController.swift in Sources */ = {isa = PBXBuildFile; fileRef = 6B8B05DB2525DF9800EE03C4 /* TabbarController.swift */; };
		6B8B05EE2525E56000EE03C4 /* NavigationBarTitleOnLeftSide.swift in Sources */ = {isa = PBXBuildFile; fileRef = 6B8B05ED2525E56000EE03C4 /* NavigationBarTitleOnLeftSide.swift */; };
		6B8B05F62525E8EC00EE03C4 /* Poppins-Bold.ttf in Resources */ = {isa = PBXBuildFile; fileRef = 6B8B05F52525E8EC00EE03C4 /* Poppins-Bold.ttf */; };
		6B8B05FB2525E8F800EE03C4 /* Poppins-Medium.ttf in Resources */ = {isa = PBXBuildFile; fileRef = 6B8B05FA2525E8F800EE03C4 /* Poppins-Medium.ttf */; };
		6B8B06002525E90100EE03C4 /* Poppins-Regular.ttf in Resources */ = {isa = PBXBuildFile; fileRef = 6B8B05FF2525E90100EE03C4 /* Poppins-Regular.ttf */; };
		6B8DF5CF25A082FD00CD712D /* AchievementsCell.swift in Sources */ = {isa = PBXBuildFile; fileRef = 6B8DF5CE25A082FD00CD712D /* AchievementsCell.swift */; };
		6B8DF5D725A09E2A00CD712D /* PartyPresenter.swift in Sources */ = {isa = PBXBuildFile; fileRef = 6B8DF5D625A09E2A00CD712D /* PartyPresenter.swift */; };
		6B8DF5DF25A09E5100CD712D /* PartyService.swift in Sources */ = {isa = PBXBuildFile; fileRef = 6B8DF5DE25A09E5100CD712D /* PartyService.swift */; };
		6BA2FFBC2525F87C007D4DF4 /* Poppins-SemiBold.ttf in Resources */ = {isa = PBXBuildFile; fileRef = 6BA2FFBB2525F87C007D4DF4 /* Poppins-SemiBold.ttf */; };
		6BA2FFD625260F97007D4DF4 /* WelcomeVc.swift in Sources */ = {isa = PBXBuildFile; fileRef = 6BA2FFD525260F97007D4DF4 /* WelcomeVc.swift */; };
		6BA3A25F258B324600CD18F0 /* ViewBindToKeypad.swift in Sources */ = {isa = PBXBuildFile; fileRef = 6BA3A25E258B324600CD18F0 /* ViewBindToKeypad.swift */; };
		6BA45D792529CCA400CB928B /* Localizable.strings in Resources */ = {isa = PBXBuildFile; fileRef = 6BA45D7B2529CCA400CB928B /* Localizable.strings */; };
		6BA45D832529CD5100CB928B /* LocalizationSystem.swift in Sources */ = {isa = PBXBuildFile; fileRef = 6BA45D822529CD5100CB928B /* LocalizationSystem.swift */; };
		6BA45D882529CF3C00CB928B /* ChooseLanguage.swift in Sources */ = {isa = PBXBuildFile; fileRef = 6BA45D872529CF3C00CB928B /* ChooseLanguage.swift */; };
		6BA45D902529F84200CB928B /* HomePageDetail.swift in Sources */ = {isa = PBXBuildFile; fileRef = 6BA45D8F2529F84200CB928B /* HomePageDetail.swift */; };
		6BA45D952529F96800CB928B /* ImageSliderCell.swift in Sources */ = {isa = PBXBuildFile; fileRef = 6BA45D942529F96800CB928B /* ImageSliderCell.swift */; };
		6BA45D9A2529FBF400CB928B /* HomePageDetailModel.swift in Sources */ = {isa = PBXBuildFile; fileRef = 6BA45D992529FBF400CB928B /* HomePageDetailModel.swift */; };
		6BA45D9F2529FD4D00CB928B /* HomePageDetailServices.swift in Sources */ = {isa = PBXBuildFile; fileRef = 6BA45D9E2529FD4D00CB928B /* HomePageDetailServices.swift */; };
		6BA45DA42529FD6B00CB928B /* HomePageDetailPresenter.swift in Sources */ = {isa = PBXBuildFile; fileRef = 6BA45DA32529FD6B00CB928B /* HomePageDetailPresenter.swift */; };
		6BA45DA9252A142C00CB928B /* DateFormatter.swift in Sources */ = {isa = PBXBuildFile; fileRef = 6BA45DA8252A142C00CB928B /* DateFormatter.swift */; };
		6BAF38D125A48A1B006B6DC7 /* ElectionDetails.swift in Sources */ = {isa = PBXBuildFile; fileRef = 6BAF38D025A48A1A006B6DC7 /* ElectionDetails.swift */; };
		6BC86DAB252C56A2000A831F /* HTMLToString.swift in Sources */ = {isa = PBXBuildFile; fileRef = 6BC86DAA252C56A2000A831F /* HTMLToString.swift */; };
		6BCDBA43252B228300D0DDBE /* GalleryImageModel.swift in Sources */ = {isa = PBXBuildFile; fileRef = 6BCDBA42252B228300D0DDBE /* GalleryImageModel.swift */; };
		6BCDBA48252B229700D0DDBE /* GalleryVideosModel.swift in Sources */ = {isa = PBXBuildFile; fileRef = 6BCDBA47252B229700D0DDBE /* GalleryVideosModel.swift */; };
		6BCDBA4D252B230900D0DDBE /* GalleryServices.swift in Sources */ = {isa = PBXBuildFile; fileRef = 6BCDBA4C252B230900D0DDBE /* GalleryServices.swift */; };
		6BCDBA52252B238900D0DDBE /* GalleryPresenter.swift in Sources */ = {isa = PBXBuildFile; fileRef = 6BCDBA51252B238900D0DDBE /* GalleryPresenter.swift */; };
		6BE28D87252A3FF80020AD5C /* Event.swift in Sources */ = {isa = PBXBuildFile; fileRef = 6BE28D86252A3FF80020AD5C /* Event.swift */; };
		6BEB429E25A06C7900C4C9F0 /* AchievementsPresenter.swift in Sources */ = {isa = PBXBuildFile; fileRef = 6BEB429D25A06C7900C4C9F0 /* AchievementsPresenter.swift */; };
		6BEB42A325A06CA500C4C9F0 /* AchievementsService.swift in Sources */ = {isa = PBXBuildFile; fileRef = 6BEB42A225A06CA500C4C9F0 /* AchievementsService.swift */; };
		6BEB42A825A06CE100C4C9F0 /* AchievementsModel.swift in Sources */ = {isa = PBXBuildFile; fileRef = 6BEB42A725A06CE100C4C9F0 /* AchievementsModel.swift */; };
		6BEF40BF259F00BC00881D5D /* Biography.swift in Sources */ = {isa = PBXBuildFile; fileRef = 6BEF40BE259F00BC00881D5D /* Biography.swift */; };
		6BEF40C4259F011700881D5D /* Achievments.swift in Sources */ = {isa = PBXBuildFile; fileRef = 6BEF40C3259F011700881D5D /* Achievments.swift */; };
		6BEF40C9259F013400881D5D /* AboutParty.swift in Sources */ = {isa = PBXBuildFile; fileRef = 6BEF40C8259F013400881D5D /* AboutParty.swift */; };
		6BF32F9F25A56FA7002E64D7 /* ElectionDetailPresenter.swift in Sources */ = {isa = PBXBuildFile; fileRef = 6BF32F9E25A56FA7002E64D7 /* ElectionDetailPresenter.swift */; };
		6BF32FA425A56FC6002E64D7 /* ElectionDetailService.swift in Sources */ = {isa = PBXBuildFile; fileRef = 6BF32FA325A56FC6002E64D7 /* ElectionDetailService.swift */; };
		6BF32FA925A56FDD002E64D7 /* ElectionDetailModel.swift in Sources */ = {isa = PBXBuildFile; fileRef = 6BF32FA825A56FDD002E64D7 /* ElectionDetailModel.swift */; };
		6BF3B3DB259DAE6F0061EC66 /* NotificationDetails.swift in Sources */ = {isa = PBXBuildFile; fileRef = 6BF3B3DA259DAE6F0061EC66 /* NotificationDetails.swift */; };
		6BF3B3E0259DB1970061EC66 /* GradientView.swift in Sources */ = {isa = PBXBuildFile; fileRef = 6BF3B3DF259DB1970061EC66 /* GradientView.swift */; };
		6BF3B3E5259DDD380061EC66 /* AboutOPS.swift in Sources */ = {isa = PBXBuildFile; fileRef = 6BF3B3E4259DDD380061EC66 /* AboutOPS.swift */; };
		6BF834EF252338F3007245F8 /* AppDelegate.swift in Sources */ = {isa = PBXBuildFile; fileRef = 6BF834EE252338F3007245F8 /* AppDelegate.swift */; };
		6BF834F1252338F3007245F8 /* SceneDelegate.swift in Sources */ = {isa = PBXBuildFile; fileRef = 6BF834F0252338F3007245F8 /* SceneDelegate.swift */; };
		6BF834F3252338F3007245F8 /* ViewController.swift in Sources */ = {isa = PBXBuildFile; fileRef = 6BF834F2252338F3007245F8 /* ViewController.swift */; };
		6BF834F6252338F3007245F8 /* Main.storyboard in Resources */ = {isa = PBXBuildFile; fileRef = 6BF834F4252338F3007245F8 /* Main.storyboard */; };
		6BF834F825233911007245F8 /* Assets.xcassets in Resources */ = {isa = PBXBuildFile; fileRef = 6BF834F725233911007245F8 /* Assets.xcassets */; };
		6BF834FB25233911007245F8 /* LaunchScreen.storyboard in Resources */ = {isa = PBXBuildFile; fileRef = 6BF834F925233911007245F8 /* LaunchScreen.storyboard */; };
		6BF8350625233913007245F8 /* OPSTests.swift in Sources */ = {isa = PBXBuildFile; fileRef = 6BF8350525233913007245F8 /* OPSTests.swift */; };
		6BF8351125233913007245F8 /* OPSUITests.swift in Sources */ = {isa = PBXBuildFile; fileRef = 6BF8351025233913007245F8 /* OPSUITests.swift */; };
		6BF8357125236811007245F8 /* APIURL.swift in Sources */ = {isa = PBXBuildFile; fileRef = 6BF8357025236811007245F8 /* APIURL.swift */; };
		6BF8357925236930007245F8 /* APIFunctionName.swift in Sources */ = {isa = PBXBuildFile; fileRef = 6BF8357825236930007245F8 /* APIFunctionName.swift */; };
		6BF8358125236B04007245F8 /* APIManager.swift in Sources */ = {isa = PBXBuildFile; fileRef = 6BF8358025236B04007245F8 /* APIManager.swift */; };
		6BF8358625236D84007245F8 /* AppVersionModel.swift in Sources */ = {isa = PBXBuildFile; fileRef = 6BF8358525236D84007245F8 /* AppVersionModel.swift */; };
		6BF8EFA7252B443100E4908B /* ImageAll.swift in Sources */ = {isa = PBXBuildFile; fileRef = 6BF8EFA6252B443100E4908B /* ImageAll.swift */; };
		6BF8EFAC252B445100E4908B /* VideoAll.swift in Sources */ = {isa = PBXBuildFile; fileRef = 6BF8EFAB252B445100E4908B /* VideoAll.swift */; };
		6BF8EFB1252B471000E4908B /* ImageAllService.swift in Sources */ = {isa = PBXBuildFile; fileRef = 6BF8EFB0252B471000E4908B /* ImageAllService.swift */; };
		6BF8EFB6252B471E00E4908B /* VideoAllService.swift in Sources */ = {isa = PBXBuildFile; fileRef = 6BF8EFB5252B471E00E4908B /* VideoAllService.swift */; };
		6BF8EFB8252B472B00E4908B /* ImageAllPresenter.swift in Sources */ = {isa = PBXBuildFile; fileRef = 6BF8EFB7252B472B00E4908B /* ImageAllPresenter.swift */; };
		6BF8EFBD252B473A00E4908B /* VideoAllPresnter.swift in Sources */ = {isa = PBXBuildFile; fileRef = 6BF8EFBC252B473A00E4908B /* VideoAllPresnter.swift */; };
		6BF8EFCA252B558E00E4908B /* VideoDetail.swift in Sources */ = {isa = PBXBuildFile; fileRef = 6BF8EFC9252B558E00E4908B /* VideoDetail.swift */; };
		6BFE5DA125289AA3004EB9AA /* WelcomeVideoModel.swift in Sources */ = {isa = PBXBuildFile; fileRef = 6BFE5DA025289AA2004EB9AA /* WelcomeVideoModel.swift */; };
		6BFE5DA625289DC6004EB9AA /* WelcomeVideoServices.swift in Sources */ = {isa = PBXBuildFile; fileRef = 6BFE5DA525289DC6004EB9AA /* WelcomeVideoServices.swift */; };
		6BFE5DAB25289DDF004EB9AA /* WelcomeVideoPresenter.swift in Sources */ = {isa = PBXBuildFile; fileRef = 6BFE5DAA25289DDF004EB9AA /* WelcomeVideoPresenter.swift */; };
		6BFE5DB02528A0D8004EB9AA /* AlertController.swift in Sources */ = {isa = PBXBuildFile; fileRef = 6BFE5DAF2528A0D8004EB9AA /* AlertController.swift */; };
		6BFE5DB52528A0ED004EB9AA /* ActivityIndicator.swift in Sources */ = {isa = PBXBuildFile; fileRef = 6BFE5DB42528A0ED004EB9AA /* ActivityIndicator.swift */; };
		6BFE5DBA2528A46A004EB9AA /* Home.swift in Sources */ = {isa = PBXBuildFile; fileRef = 6BFE5DB92528A46A004EB9AA /* Home.swift */; };
		6BFE5DBF2528A483004EB9AA /* HomeCell.swift in Sources */ = {isa = PBXBuildFile; fileRef = 6BFE5DBE2528A483004EB9AA /* HomeCell.swift */; };
		6BFE5DC42528B06F004EB9AA /* HomeModel.swift in Sources */ = {isa = PBXBuildFile; fileRef = 6BFE5DC32528B06F004EB9AA /* HomeModel.swift */; };
		6BFE5DC92528B0A4004EB9AA /* HomeServices.swift in Sources */ = {isa = PBXBuildFile; fileRef = 6BFE5DC82528B0A4004EB9AA /* HomeServices.swift */; };
		6BFE5DCE2528B0BE004EB9AA /* HomePresenter.swift in Sources */ = {isa = PBXBuildFile; fileRef = 6BFE5DCD2528B0BE004EB9AA /* HomePresenter.swift */; };
/* End PBXBuildFile section */

/* Begin PBXContainerItemProxy section */
		6BF8350225233913007245F8 /* PBXContainerItemProxy */ = {
			isa = PBXContainerItemProxy;
			containerPortal = 6BF834E3252338F3007245F8 /* Project object */;
			proxyType = 1;
			remoteGlobalIDString = 6BF834EA252338F3007245F8;
			remoteInfo = OPS;
		};
		6BF8350D25233913007245F8 /* PBXContainerItemProxy */ = {
			isa = PBXContainerItemProxy;
			containerPortal = 6BF834E3252338F3007245F8 /* Project object */;
			proxyType = 1;
			remoteGlobalIDString = 6BF834EA252338F3007245F8;
			remoteInfo = OPS;
		};
/* End PBXContainerItemProxy section */

/* Begin PBXFileReference section */
		1801039A2574EE9700227154 /* LikeandShareModel.swift */ = {isa = PBXFileReference; lastKnownFileType = sourcecode.swift; path = LikeandShareModel.swift; sourceTree = "<group>"; };
		1801039F2574EEF300227154 /* LikeandShareService.swift */ = {isa = PBXFileReference; lastKnownFileType = sourcecode.swift; path = LikeandShareService.swift; sourceTree = "<group>"; };
		180103A42574EFA900227154 /* LikeandSharePresenter.swift */ = {isa = PBXFileReference; lastKnownFileType = sourcecode.swift; path = LikeandSharePresenter.swift; sourceTree = "<group>"; };
		185A60C9257398FC009DBA67 /* loginModel.swift */ = {isa = PBXFileReference; fileEncoding = 4; lastKnownFileType = sourcecode.swift; path = loginModel.swift; sourceTree = "<group>"; };
		185A60CE2573990F009DBA67 /* otpModel.swift */ = {isa = PBXFileReference; fileEncoding = 4; lastKnownFileType = sourcecode.swift; path = otpModel.swift; sourceTree = "<group>"; };
		185A60D325739927009DBA67 /* loginPresenter.swift */ = {isa = PBXFileReference; fileEncoding = 4; lastKnownFileType = sourcecode.swift; path = loginPresenter.swift; sourceTree = "<group>"; };
		185A60D425739927009DBA67 /* otpService.swift */ = {isa = PBXFileReference; fileEncoding = 4; lastKnownFileType = sourcecode.swift; path = otpService.swift; sourceTree = "<group>"; };
		185A60D525739927009DBA67 /* otpPresenter.swift */ = {isa = PBXFileReference; fileEncoding = 4; lastKnownFileType = sourcecode.swift; path = otpPresenter.swift; sourceTree = "<group>"; };
		185A60D625739928009DBA67 /* loginService.swift */ = {isa = PBXFileReference; fileEncoding = 4; lastKnownFileType = sourcecode.swift; path = loginService.swift; sourceTree = "<group>"; };
		185A60E125739A58009DBA67 /* login.swift */ = {isa = PBXFileReference; fileEncoding = 4; lastKnownFileType = sourcecode.swift; path = login.swift; sourceTree = "<group>"; };
		185A60E62573A200009DBA67 /* constants.swift */ = {isa = PBXFileReference; fileEncoding = 4; lastKnownFileType = sourcecode.swift; path = constants.swift; sourceTree = "<group>"; };
		185A60EB2573A225009DBA67 /* Reachability.swift */ = {isa = PBXFileReference; fileEncoding = 4; lastKnownFileType = sourcecode.swift; path = Reachability.swift; sourceTree = "<group>"; };
		185A60F02573A255009DBA67 /* otp.swift */ = {isa = PBXFileReference; fileEncoding = 4; lastKnownFileType = sourcecode.swift; path = otp.swift; sourceTree = "<group>"; };
		185A60F52573A409009DBA67 /* BottomBorder.swift */ = {isa = PBXFileReference; fileEncoding = 4; lastKnownFileType = sourcecode.swift; path = BottomBorder.swift; sourceTree = "<group>"; };
		185A60FA2573A44D009DBA67 /* userDefault.swift */ = {isa = PBXFileReference; fileEncoding = 4; lastKnownFileType = sourcecode.swift; path = userDefault.swift; sourceTree = "<group>"; };
		1F3E83A60D93B8A0AA15DAA8 /* Pods_OPS.framework */ = {isa = PBXFileReference; explicitFileType = wrapper.framework; includeInIndex = 0; path = Pods_OPS.framework; sourceTree = BUILT_PRODUCTS_DIR; };
		6B07421625A42356004E5232 /* PartyModel.swift */ = {isa = PBXFileReference; lastKnownFileType = sourcecode.swift; path = PartyModel.swift; sourceTree = "<group>"; };
		6B237C51252AFE0E0001081F /* LiveEvents.swift */ = {isa = PBXFileReference; lastKnownFileType = sourcecode.swift; path = LiveEvents.swift; sourceTree = "<group>"; };
		6B237C56252AFE400001081F /* LiveEventsCell.swift */ = {isa = PBXFileReference; lastKnownFileType = sourcecode.swift; path = LiveEventsCell.swift; sourceTree = "<group>"; };
		6B237C5B252B02D90001081F /* LiveEventModel.swift */ = {isa = PBXFileReference; lastKnownFileType = sourcecode.swift; path = LiveEventModel.swift; sourceTree = "<group>"; };
		6B237C60252B03A20001081F /* LiveEventServices.swift */ = {isa = PBXFileReference; lastKnownFileType = sourcecode.swift; path = LiveEventServices.swift; sourceTree = "<group>"; };
		6B237C65252B03BA0001081F /* LiveEventPresenter.swift */ = {isa = PBXFileReference; lastKnownFileType = sourcecode.swift; path = LiveEventPresenter.swift; sourceTree = "<group>"; };
		6B237C6A252B0E880001081F /* Gallery.swift */ = {isa = PBXFileReference; lastKnownFileType = sourcecode.swift; path = Gallery.swift; sourceTree = "<group>"; };
		6B237C72252B0F600001081F /* ImageCollectionViewCell.swift */ = {isa = PBXFileReference; lastKnownFileType = sourcecode.swift; path = ImageCollectionViewCell.swift; sourceTree = "<group>"; };
		6B237C77252B0F730001081F /* VideoCollectionViewCell.swift */ = {isa = PBXFileReference; lastKnownFileType = sourcecode.swift; path = VideoCollectionViewCell.swift; sourceTree = "<group>"; };
		6B5DC20C25A05545005F6539 /* BiographyModel.swift */ = {isa = PBXFileReference; lastKnownFileType = sourcecode.swift; path = BiographyModel.swift; sourceTree = "<group>"; };
		6B5DC21125A05611005F6539 /* BiographyService.swift */ = {isa = PBXFileReference; lastKnownFileType = sourcecode.swift; name = BiographyService.swift; path = ../../../../../BiographyService.swift; sourceTree = "<group>"; };
		6B5DC21625A05626005F6539 /* BiographyPresenter.swift */ = {isa = PBXFileReference; lastKnownFileType = sourcecode.swift; name = BiographyPresenter.swift; path = ../../../../../BiographyPresenter.swift; sourceTree = "<group>"; };
		6B6FF6552523BAC400B26C1A /* Dashboard.storyboard */ = {isa = PBXFileReference; lastKnownFileType = file.storyboard; path = Dashboard.storyboard; sourceTree = "<group>"; };
		6B77DAC025A42A4000DF48DC /* PartyDetails.swift */ = {isa = PBXFileReference; lastKnownFileType = sourcecode.swift; path = PartyDetails.swift; sourceTree = "<group>"; };
		6B77DAC525A43C7A00DF48DC /* PartyStateList.swift */ = {isa = PBXFileReference; lastKnownFileType = sourcecode.swift; path = PartyStateList.swift; sourceTree = "<group>"; };
		6B77DACA25A43CAA00DF48DC /* PartyStatePresenter.swift */ = {isa = PBXFileReference; lastKnownFileType = sourcecode.swift; path = PartyStatePresenter.swift; sourceTree = "<group>"; };
		6B77DACC25A43CC700DF48DC /* PartyStateService.swift */ = {isa = PBXFileReference; lastKnownFileType = sourcecode.swift; path = PartyStateService.swift; sourceTree = "<group>"; };
		6B77DAD125A43D1600DF48DC /* PartyStateModel.swift */ = {isa = PBXFileReference; lastKnownFileType = sourcecode.swift; path = PartyStateModel.swift; sourceTree = "<group>"; };
		6B77DAD625A4401600DF48DC /* PartyStateListCell.swift */ = {isa = PBXFileReference; lastKnownFileType = sourcecode.swift; path = PartyStateListCell.swift; sourceTree = "<group>"; };
		6B7E4D14252C8A3A00815F35 /* ViewController.h */ = {isa = PBXFileReference; fileEncoding = 4; lastKnownFileType = sourcecode.c.h; path = ViewController.h; sourceTree = "<group>"; };
		6B7E4D15252C8A4300815F35 /* OPS-Bridging-Header.h */ = {isa = PBXFileReference; lastKnownFileType = sourcecode.c.h; path = "OPS-Bridging-Header.h"; sourceTree = "<group>"; };
		6B7E4D16252C8A4400815F35 /* ViewController.m */ = {isa = PBXFileReference; fileEncoding = 4; lastKnownFileType = sourcecode.c.objc; path = ViewController.m; sourceTree = "<group>"; };
		6B7E4D1B252C8ECB00815F35 /* Social.swift */ = {isa = PBXFileReference; lastKnownFileType = sourcecode.swift; path = Social.swift; sourceTree = "<group>"; };
		6B7E4D20252C961A00815F35 /* Search.swift */ = {isa = PBXFileReference; lastKnownFileType = sourcecode.swift; path = Search.swift; sourceTree = "<group>"; };
		6B8A4125252857FF00EE11B2 /* RoundedcornerForUIView.swift */ = {isa = PBXFileReference; fileEncoding = 4; lastKnownFileType = sourcecode.swift; path = RoundedcornerForUIView.swift; sourceTree = "<group>"; };
		6B8A41272528580700EE11B2 /* ShadowEffectForUIView.swift */ = {isa = PBXFileReference; fileEncoding = 4; lastKnownFileType = sourcecode.swift; path = ShadowEffectForUIView.swift; sourceTree = "<group>"; };
		6B8A41292528581400EE11B2 /* TapToDismissKeypad.swift */ = {isa = PBXFileReference; fileEncoding = 4; lastKnownFileType = sourcecode.swift; path = TapToDismissKeypad.swift; sourceTree = "<group>"; };
		6B8B05DB2525DF9800EE03C4 /* TabbarController.swift */ = {isa = PBXFileReference; fileEncoding = 4; lastKnownFileType = sourcecode.swift; path = TabbarController.swift; sourceTree = "<group>"; };
		6B8B05ED2525E56000EE03C4 /* NavigationBarTitleOnLeftSide.swift */ = {isa = PBXFileReference; lastKnownFileType = sourcecode.swift; path = NavigationBarTitleOnLeftSide.swift; sourceTree = "<group>"; };
		6B8B05F52525E8EC00EE03C4 /* Poppins-Bold.ttf */ = {isa = PBXFileReference; lastKnownFileType = file; path = "Poppins-Bold.ttf"; sourceTree = "<group>"; };
		6B8B05FA2525E8F800EE03C4 /* Poppins-Medium.ttf */ = {isa = PBXFileReference; lastKnownFileType = file; path = "Poppins-Medium.ttf"; sourceTree = "<group>"; };
		6B8B05FF2525E90100EE03C4 /* Poppins-Regular.ttf */ = {isa = PBXFileReference; lastKnownFileType = file; path = "Poppins-Regular.ttf"; sourceTree = "<group>"; };
		6B8DF5CE25A082FD00CD712D /* AchievementsCell.swift */ = {isa = PBXFileReference; lastKnownFileType = sourcecode.swift; path = AchievementsCell.swift; sourceTree = "<group>"; };
		6B8DF5D625A09E2A00CD712D /* PartyPresenter.swift */ = {isa = PBXFileReference; lastKnownFileType = sourcecode.swift; path = PartyPresenter.swift; sourceTree = "<group>"; };
		6B8DF5DE25A09E5100CD712D /* PartyService.swift */ = {isa = PBXFileReference; lastKnownFileType = sourcecode.swift; path = PartyService.swift; sourceTree = "<group>"; };
		6BA2FFBB2525F87C007D4DF4 /* Poppins-SemiBold.ttf */ = {isa = PBXFileReference; lastKnownFileType = file; path = "Poppins-SemiBold.ttf"; sourceTree = "<group>"; };
		6BA2FFD525260F97007D4DF4 /* WelcomeVc.swift */ = {isa = PBXFileReference; lastKnownFileType = sourcecode.swift; path = WelcomeVc.swift; sourceTree = "<group>"; };
		6BA3A25E258B324600CD18F0 /* ViewBindToKeypad.swift */ = {isa = PBXFileReference; lastKnownFileType = sourcecode.swift; path = ViewBindToKeypad.swift; sourceTree = "<group>"; };
		6BA45D7A2529CCA400CB928B /* en */ = {isa = PBXFileReference; lastKnownFileType = text.plist.strings; name = en; path = en.lproj/Localizable.strings; sourceTree = "<group>"; };
		6BA45D7F2529CCD400CB928B /* ta */ = {isa = PBXFileReference; lastKnownFileType = text.plist.strings; name = ta; path = ta.lproj/Main.strings; sourceTree = "<group>"; };
		6BA45D802529CCD400CB928B /* ta */ = {isa = PBXFileReference; lastKnownFileType = text.plist.strings; name = ta; path = ta.lproj/LaunchScreen.strings; sourceTree = "<group>"; };
		6BA45D812529CCD400CB928B /* ta */ = {isa = PBXFileReference; lastKnownFileType = text.plist.strings; name = ta; path = ta.lproj/Localizable.strings; sourceTree = "<group>"; };
		6BA45D822529CD5100CB928B /* LocalizationSystem.swift */ = {isa = PBXFileReference; fileEncoding = 4; lastKnownFileType = sourcecode.swift; path = LocalizationSystem.swift; sourceTree = "<group>"; };
		6BA45D872529CF3C00CB928B /* ChooseLanguage.swift */ = {isa = PBXFileReference; lastKnownFileType = sourcecode.swift; path = ChooseLanguage.swift; sourceTree = "<group>"; };
		6BA45D8F2529F84200CB928B /* HomePageDetail.swift */ = {isa = PBXFileReference; lastKnownFileType = sourcecode.swift; path = HomePageDetail.swift; sourceTree = "<group>"; };
		6BA45D942529F96800CB928B /* ImageSliderCell.swift */ = {isa = PBXFileReference; lastKnownFileType = sourcecode.swift; path = ImageSliderCell.swift; sourceTree = "<group>"; };
		6BA45D992529FBF400CB928B /* HomePageDetailModel.swift */ = {isa = PBXFileReference; lastKnownFileType = sourcecode.swift; path = HomePageDetailModel.swift; sourceTree = "<group>"; };
		6BA45D9E2529FD4D00CB928B /* HomePageDetailServices.swift */ = {isa = PBXFileReference; lastKnownFileType = sourcecode.swift; path = HomePageDetailServices.swift; sourceTree = "<group>"; };
		6BA45DA32529FD6B00CB928B /* HomePageDetailPresenter.swift */ = {isa = PBXFileReference; lastKnownFileType = sourcecode.swift; path = HomePageDetailPresenter.swift; sourceTree = "<group>"; };
		6BA45DA8252A142C00CB928B /* DateFormatter.swift */ = {isa = PBXFileReference; lastKnownFileType = sourcecode.swift; path = DateFormatter.swift; sourceTree = "<group>"; };
		6BAF38D025A48A1A006B6DC7 /* ElectionDetails.swift */ = {isa = PBXFileReference; lastKnownFileType = sourcecode.swift; path = ElectionDetails.swift; sourceTree = "<group>"; };
		6BC86DAA252C56A2000A831F /* HTMLToString.swift */ = {isa = PBXFileReference; lastKnownFileType = sourcecode.swift; path = HTMLToString.swift; sourceTree = "<group>"; };
		6BCDBA42252B228300D0DDBE /* GalleryImageModel.swift */ = {isa = PBXFileReference; lastKnownFileType = sourcecode.swift; path = GalleryImageModel.swift; sourceTree = "<group>"; };
		6BCDBA47252B229700D0DDBE /* GalleryVideosModel.swift */ = {isa = PBXFileReference; lastKnownFileType = sourcecode.swift; path = GalleryVideosModel.swift; sourceTree = "<group>"; };
		6BCDBA4C252B230900D0DDBE /* GalleryServices.swift */ = {isa = PBXFileReference; lastKnownFileType = sourcecode.swift; path = GalleryServices.swift; sourceTree = "<group>"; };
		6BCDBA51252B238900D0DDBE /* GalleryPresenter.swift */ = {isa = PBXFileReference; lastKnownFileType = sourcecode.swift; path = GalleryPresenter.swift; sourceTree = "<group>"; };
		6BE28D86252A3FF80020AD5C /* Event.swift */ = {isa = PBXFileReference; lastKnownFileType = sourcecode.swift; path = Event.swift; sourceTree = "<group>"; };
		6BEB429D25A06C7900C4C9F0 /* AchievementsPresenter.swift */ = {isa = PBXFileReference; lastKnownFileType = sourcecode.swift; path = AchievementsPresenter.swift; sourceTree = "<group>"; };
		6BEB42A225A06CA500C4C9F0 /* AchievementsService.swift */ = {isa = PBXFileReference; lastKnownFileType = sourcecode.swift; path = AchievementsService.swift; sourceTree = "<group>"; };
		6BEB42A725A06CE100C4C9F0 /* AchievementsModel.swift */ = {isa = PBXFileReference; lastKnownFileType = sourcecode.swift; path = AchievementsModel.swift; sourceTree = "<group>"; };
		6BEF40BE259F00BC00881D5D /* Biography.swift */ = {isa = PBXFileReference; lastKnownFileType = sourcecode.swift; path = Biography.swift; sourceTree = "<group>"; };
		6BEF40C3259F011700881D5D /* Achievments.swift */ = {isa = PBXFileReference; lastKnownFileType = sourcecode.swift; path = Achievments.swift; sourceTree = "<group>"; };
		6BEF40C8259F013400881D5D /* AboutParty.swift */ = {isa = PBXFileReference; lastKnownFileType = sourcecode.swift; path = AboutParty.swift; sourceTree = "<group>"; };
		6BF32F9E25A56FA7002E64D7 /* ElectionDetailPresenter.swift */ = {isa = PBXFileReference; lastKnownFileType = sourcecode.swift; path = ElectionDetailPresenter.swift; sourceTree = "<group>"; };
		6BF32FA325A56FC6002E64D7 /* ElectionDetailService.swift */ = {isa = PBXFileReference; lastKnownFileType = sourcecode.swift; path = ElectionDetailService.swift; sourceTree = "<group>"; };
		6BF32FA825A56FDD002E64D7 /* ElectionDetailModel.swift */ = {isa = PBXFileReference; lastKnownFileType = sourcecode.swift; path = ElectionDetailModel.swift; sourceTree = "<group>"; };
		6BF3B3DA259DAE6F0061EC66 /* NotificationDetails.swift */ = {isa = PBXFileReference; lastKnownFileType = sourcecode.swift; path = NotificationDetails.swift; sourceTree = "<group>"; };
		6BF3B3DF259DB1970061EC66 /* GradientView.swift */ = {isa = PBXFileReference; lastKnownFileType = sourcecode.swift; path = GradientView.swift; sourceTree = "<group>"; };
		6BF3B3E4259DDD380061EC66 /* AboutOPS.swift */ = {isa = PBXFileReference; lastKnownFileType = sourcecode.swift; path = AboutOPS.swift; sourceTree = "<group>"; };
		6BF834EB252338F3007245F8 /* OPS.app */ = {isa = PBXFileReference; explicitFileType = wrapper.application; includeInIndex = 0; path = OPS.app; sourceTree = BUILT_PRODUCTS_DIR; };
		6BF834EE252338F3007245F8 /* AppDelegate.swift */ = {isa = PBXFileReference; lastKnownFileType = sourcecode.swift; path = AppDelegate.swift; sourceTree = "<group>"; };
		6BF834F0252338F3007245F8 /* SceneDelegate.swift */ = {isa = PBXFileReference; lastKnownFileType = sourcecode.swift; path = SceneDelegate.swift; sourceTree = "<group>"; };
		6BF834F2252338F3007245F8 /* ViewController.swift */ = {isa = PBXFileReference; lastKnownFileType = sourcecode.swift; path = ViewController.swift; sourceTree = "<group>"; };
		6BF834F5252338F3007245F8 /* Base */ = {isa = PBXFileReference; lastKnownFileType = file.storyboard; name = Base; path = Base.lproj/Main.storyboard; sourceTree = "<group>"; };
		6BF834F725233911007245F8 /* Assets.xcassets */ = {isa = PBXFileReference; lastKnownFileType = folder.assetcatalog; path = Assets.xcassets; sourceTree = "<group>"; };
		6BF834FA25233911007245F8 /* Base */ = {isa = PBXFileReference; lastKnownFileType = file.storyboard; name = Base; path = Base.lproj/LaunchScreen.storyboard; sourceTree = "<group>"; };
		6BF834FC25233911007245F8 /* Info.plist */ = {isa = PBXFileReference; lastKnownFileType = text.plist.xml; path = Info.plist; sourceTree = "<group>"; };
		6BF8350125233913007245F8 /* OPSTests.xctest */ = {isa = PBXFileReference; explicitFileType = wrapper.cfbundle; includeInIndex = 0; path = OPSTests.xctest; sourceTree = BUILT_PRODUCTS_DIR; };
		6BF8350525233913007245F8 /* OPSTests.swift */ = {isa = PBXFileReference; lastKnownFileType = sourcecode.swift; path = OPSTests.swift; sourceTree = "<group>"; };
		6BF8350725233913007245F8 /* Info.plist */ = {isa = PBXFileReference; lastKnownFileType = text.plist.xml; path = Info.plist; sourceTree = "<group>"; };
		6BF8350C25233913007245F8 /* OPSUITests.xctest */ = {isa = PBXFileReference; explicitFileType = wrapper.cfbundle; includeInIndex = 0; path = OPSUITests.xctest; sourceTree = BUILT_PRODUCTS_DIR; };
		6BF8351025233913007245F8 /* OPSUITests.swift */ = {isa = PBXFileReference; lastKnownFileType = sourcecode.swift; path = OPSUITests.swift; sourceTree = "<group>"; };
		6BF8351225233913007245F8 /* Info.plist */ = {isa = PBXFileReference; lastKnownFileType = text.plist.xml; path = Info.plist; sourceTree = "<group>"; };
		6BF8357025236811007245F8 /* APIURL.swift */ = {isa = PBXFileReference; lastKnownFileType = sourcecode.swift; path = APIURL.swift; sourceTree = "<group>"; };
		6BF8357825236930007245F8 /* APIFunctionName.swift */ = {isa = PBXFileReference; lastKnownFileType = sourcecode.swift; path = APIFunctionName.swift; sourceTree = "<group>"; };
		6BF8358025236B04007245F8 /* APIManager.swift */ = {isa = PBXFileReference; lastKnownFileType = sourcecode.swift; path = APIManager.swift; sourceTree = "<group>"; };
		6BF8358525236D84007245F8 /* AppVersionModel.swift */ = {isa = PBXFileReference; fileEncoding = 4; lastKnownFileType = sourcecode.swift; path = AppVersionModel.swift; sourceTree = "<group>"; };
		6BF8EFA6252B443100E4908B /* ImageAll.swift */ = {isa = PBXFileReference; lastKnownFileType = sourcecode.swift; path = ImageAll.swift; sourceTree = "<group>"; };
		6BF8EFAB252B445100E4908B /* VideoAll.swift */ = {isa = PBXFileReference; lastKnownFileType = sourcecode.swift; path = VideoAll.swift; sourceTree = "<group>"; };
		6BF8EFB0252B471000E4908B /* ImageAllService.swift */ = {isa = PBXFileReference; lastKnownFileType = sourcecode.swift; path = ImageAllService.swift; sourceTree = "<group>"; };
		6BF8EFB5252B471E00E4908B /* VideoAllService.swift */ = {isa = PBXFileReference; lastKnownFileType = sourcecode.swift; path = VideoAllService.swift; sourceTree = "<group>"; };
		6BF8EFB7252B472B00E4908B /* ImageAllPresenter.swift */ = {isa = PBXFileReference; lastKnownFileType = sourcecode.swift; path = ImageAllPresenter.swift; sourceTree = "<group>"; };
		6BF8EFBC252B473A00E4908B /* VideoAllPresnter.swift */ = {isa = PBXFileReference; lastKnownFileType = sourcecode.swift; path = VideoAllPresnter.swift; sourceTree = "<group>"; };
		6BF8EFC9252B558E00E4908B /* VideoDetail.swift */ = {isa = PBXFileReference; lastKnownFileType = sourcecode.swift; path = VideoDetail.swift; sourceTree = "<group>"; };
		6BFE5DA025289AA2004EB9AA /* WelcomeVideoModel.swift */ = {isa = PBXFileReference; lastKnownFileType = sourcecode.swift; path = WelcomeVideoModel.swift; sourceTree = "<group>"; };
		6BFE5DA525289DC6004EB9AA /* WelcomeVideoServices.swift */ = {isa = PBXFileReference; lastKnownFileType = sourcecode.swift; path = WelcomeVideoServices.swift; sourceTree = "<group>"; };
		6BFE5DAA25289DDF004EB9AA /* WelcomeVideoPresenter.swift */ = {isa = PBXFileReference; lastKnownFileType = sourcecode.swift; path = WelcomeVideoPresenter.swift; sourceTree = "<group>"; };
		6BFE5DAF2528A0D8004EB9AA /* AlertController.swift */ = {isa = PBXFileReference; fileEncoding = 4; lastKnownFileType = sourcecode.swift; path = AlertController.swift; sourceTree = "<group>"; };
		6BFE5DB42528A0ED004EB9AA /* ActivityIndicator.swift */ = {isa = PBXFileReference; fileEncoding = 4; lastKnownFileType = sourcecode.swift; path = ActivityIndicator.swift; sourceTree = "<group>"; };
		6BFE5DB92528A46A004EB9AA /* Home.swift */ = {isa = PBXFileReference; lastKnownFileType = sourcecode.swift; path = Home.swift; sourceTree = "<group>"; };
		6BFE5DBE2528A483004EB9AA /* HomeCell.swift */ = {isa = PBXFileReference; lastKnownFileType = sourcecode.swift; path = HomeCell.swift; sourceTree = "<group>"; };
		6BFE5DC32528B06F004EB9AA /* HomeModel.swift */ = {isa = PBXFileReference; lastKnownFileType = sourcecode.swift; path = HomeModel.swift; sourceTree = "<group>"; };
		6BFE5DC82528B0A4004EB9AA /* HomeServices.swift */ = {isa = PBXFileReference; lastKnownFileType = sourcecode.swift; path = HomeServices.swift; sourceTree = "<group>"; };
		6BFE5DCD2528B0BE004EB9AA /* HomePresenter.swift */ = {isa = PBXFileReference; lastKnownFileType = sourcecode.swift; path = HomePresenter.swift; sourceTree = "<group>"; };
		A29872C01FCB6AFF939DC42D /* Pods-OPS.release.xcconfig */ = {isa = PBXFileReference; includeInIndex = 1; lastKnownFileType = text.xcconfig; name = "Pods-OPS.release.xcconfig"; path = "Target Support Files/Pods-OPS/Pods-OPS.release.xcconfig"; sourceTree = "<group>"; };
		CC5E01F9C2A2E51CD479DC1B /* Pods-OPS.debug.xcconfig */ = {isa = PBXFileReference; includeInIndex = 1; lastKnownFileType = text.xcconfig; name = "Pods-OPS.debug.xcconfig"; path = "Target Support Files/Pods-OPS/Pods-OPS.debug.xcconfig"; sourceTree = "<group>"; };
/* End PBXFileReference section */

/* Begin PBXFrameworksBuildPhase section */
		6BF834E8252338F3007245F8 /* Frameworks */ = {
			isa = PBXFrameworksBuildPhase;
			buildActionMask = 2147483647;
			files = (
				338F13DFD037B48C762A41F2 /* Pods_OPS.framework in Frameworks */,
			);
			runOnlyForDeploymentPostprocessing = 0;
		};
		6BF834FE25233913007245F8 /* Frameworks */ = {
			isa = PBXFrameworksBuildPhase;
			buildActionMask = 2147483647;
			files = (
			);
			runOnlyForDeploymentPostprocessing = 0;
		};
		6BF8350925233913007245F8 /* Frameworks */ = {
			isa = PBXFrameworksBuildPhase;
			buildActionMask = 2147483647;
			files = (
			);
			runOnlyForDeploymentPostprocessing = 0;
		};
/* End PBXFrameworksBuildPhase section */

/* Begin PBXGroup section */
		3637CF7581A7B7F0D5B11396 /* Pods */ = {
			isa = PBXGroup;
			children = (
				CC5E01F9C2A2E51CD479DC1B /* Pods-OPS.debug.xcconfig */,
				A29872C01FCB6AFF939DC42D /* Pods-OPS.release.xcconfig */,
			);
			path = Pods;
			sourceTree = "<group>";
		};
		6B6FF6482523B19A00B26C1A /* Font */ = {
			isa = PBXGroup;
			children = (
				6B8B05FF2525E90100EE03C4 /* Poppins-Regular.ttf */,
				6B8B05FA2525E8F800EE03C4 /* Poppins-Medium.ttf */,
				6B8B05F52525E8EC00EE03C4 /* Poppins-Bold.ttf */,
				6BA2FFBB2525F87C007D4DF4 /* Poppins-SemiBold.ttf */,
			);
			path = Font;
			sourceTree = "<group>";
		};
		6B6FF65A2523C29C00B26C1A /* Helper */ = {
			isa = PBXGroup;
			children = (
				6B7E4D13252C8A1D00815F35 /* HMSegmentControl */,
				6BA45D822529CD5100CB928B /* LocalizationSystem.swift */,
				6BFE5DB42528A0ED004EB9AA /* ActivityIndicator.swift */,
				6BFE5DAF2528A0D8004EB9AA /* AlertController.swift */,
				185A60E62573A200009DBA67 /* constants.swift */,
				185A60EB2573A225009DBA67 /* Reachability.swift */,
				185A60F52573A409009DBA67 /* BottomBorder.swift */,
			);
			path = Helper;
			sourceTree = "<group>";
		};
		6B7E4D13252C8A1D00815F35 /* HMSegmentControl */ = {
			isa = PBXGroup;
			children = (
				6B7E4D14252C8A3A00815F35 /* ViewController.h */,
				6B7E4D16252C8A4400815F35 /* ViewController.m */,
				6B7E4D15252C8A4300815F35 /* OPS-Bridging-Header.h */,
			);
			path = HMSegmentControl;
			sourceTree = "<group>";
		};
		6BA45D542529C8BA00CB928B /* MultiLanguage */ = {
			isa = PBXGroup;
			children = (
				6BA45D7B2529CCA400CB928B /* Localizable.strings */,
			);
			path = MultiLanguage;
			sourceTree = "<group>";
		};
		6BF834E2252338F3007245F8 = {
			isa = PBXGroup;
			children = (
				6BF834ED252338F3007245F8 /* OPS */,
				6BF8350425233913007245F8 /* OPSTests */,
				6BF8350F25233913007245F8 /* OPSUITests */,
				6BF834EC252338F3007245F8 /* Products */,
				3637CF7581A7B7F0D5B11396 /* Pods */,
				EA97A2150ED698A349B7C23F /* Frameworks */,
			);
			sourceTree = "<group>";
		};
		6BF834EC252338F3007245F8 /* Products */ = {
			isa = PBXGroup;
			children = (
				6BF834EB252338F3007245F8 /* OPS.app */,
				6BF8350125233913007245F8 /* OPSTests.xctest */,
				6BF8350C25233913007245F8 /* OPSUITests.xctest */,
			);
			name = Products;
			sourceTree = "<group>";
		};
		6BF834ED252338F3007245F8 /* OPS */ = {
			isa = PBXGroup;
			children = (
				6BF834EE252338F3007245F8 /* AppDelegate.swift */,
				6BF834F0252338F3007245F8 /* SceneDelegate.swift */,
				6BA45D542529C8BA00CB928B /* MultiLanguage */,
				6B6FF6482523B19A00B26C1A /* Font */,
				6BF8356725236743007245F8 /* APIManager */,
				6BF835682523674F007245F8 /* Model */,
				6BF8356925236756007245F8 /* Services */,
				6BF8356B25236768007245F8 /* Presenter */,
				6BF8356D25236787007245F8 /* Vc */,
				6BF8356E25236792007245F8 /* Cell */,
				6BF8356C25236772007245F8 /* Extension */,
				6B6FF65A2523C29C00B26C1A /* Helper */,
				6BF8356F252367C6007245F8 /* StoryBoards */,
				6BF834F725233911007245F8 /* Assets.xcassets */,
				6BF834F925233911007245F8 /* LaunchScreen.storyboard */,
				6BF834FC25233911007245F8 /* Info.plist */,
			);
			path = OPS;
			sourceTree = "<group>";
		};
		6BF8350425233913007245F8 /* OPSTests */ = {
			isa = PBXGroup;
			children = (
				6BF8350525233913007245F8 /* OPSTests.swift */,
				6BF8350725233913007245F8 /* Info.plist */,
			);
			path = OPSTests;
			sourceTree = "<group>";
		};
		6BF8350F25233913007245F8 /* OPSUITests */ = {
			isa = PBXGroup;
			children = (
				6BF8351025233913007245F8 /* OPSUITests.swift */,
				6BF8351225233913007245F8 /* Info.plist */,
			);
			path = OPSUITests;
			sourceTree = "<group>";
		};
		6BF8356725236743007245F8 /* APIManager */ = {
			isa = PBXGroup;
			children = (
				6BF8357025236811007245F8 /* APIURL.swift */,
				6BF8357825236930007245F8 /* APIFunctionName.swift */,
				6BF8358025236B04007245F8 /* APIManager.swift */,
			);
			path = APIManager;
			sourceTree = "<group>";
		};
		6BF835682523674F007245F8 /* Model */ = {
			isa = PBXGroup;
			children = (
				185A60C9257398FC009DBA67 /* loginModel.swift */,
				185A60CE2573990F009DBA67 /* otpModel.swift */,
				6BF8358525236D84007245F8 /* AppVersionModel.swift */,
				6BFE5DA025289AA2004EB9AA /* WelcomeVideoModel.swift */,
				6BFE5DC32528B06F004EB9AA /* HomeModel.swift */,
				6BA45D992529FBF400CB928B /* HomePageDetailModel.swift */,
				6B237C5B252B02D90001081F /* LiveEventModel.swift */,
				6BCDBA42252B228300D0DDBE /* GalleryImageModel.swift */,
				6BCDBA47252B229700D0DDBE /* GalleryVideosModel.swift */,
				1801039A2574EE9700227154 /* LikeandShareModel.swift */,
				6B5DC20C25A05545005F6539 /* BiographyModel.swift */,
				6BEB42A725A06CE100C4C9F0 /* AchievementsModel.swift */,
				6B07421625A42356004E5232 /* PartyModel.swift */,
				6B77DAD125A43D1600DF48DC /* PartyStateModel.swift */,
				6BF32FA825A56FDD002E64D7 /* ElectionDetailModel.swift */,
			);
			path = Model;
			sourceTree = "<group>";
		};
		6BF8356925236756007245F8 /* Services */ = {
			isa = PBXGroup;
			children = (
				185A60D625739928009DBA67 /* loginService.swift */,
				185A60D425739927009DBA67 /* otpService.swift */,
				6BFE5DA525289DC6004EB9AA /* WelcomeVideoServices.swift */,
				6BFE5DC82528B0A4004EB9AA /* HomeServices.swift */,
				6BA45D9E2529FD4D00CB928B /* HomePageDetailServices.swift */,
				6B237C60252B03A20001081F /* LiveEventServices.swift */,
				6BCDBA4C252B230900D0DDBE /* GalleryServices.swift */,
				6BF8EFB0252B471000E4908B /* ImageAllService.swift */,
				6BF8EFB5252B471E00E4908B /* VideoAllService.swift */,
				1801039F2574EEF300227154 /* LikeandShareService.swift */,
				6B5DC21125A05611005F6539 /* BiographyService.swift */,
				6BEB42A225A06CA500C4C9F0 /* AchievementsService.swift */,
				6B8DF5DE25A09E5100CD712D /* PartyService.swift */,
				6B77DACC25A43CC700DF48DC /* PartyStateService.swift */,
				6BF32FA325A56FC6002E64D7 /* ElectionDetailService.swift */,
			);
			path = Services;
			sourceTree = "<group>";
		};
		6BF8356B25236768007245F8 /* Presenter */ = {
			isa = PBXGroup;
			children = (
				185A60D325739927009DBA67 /* loginPresenter.swift */,
				185A60D525739927009DBA67 /* otpPresenter.swift */,
				6BFE5DAA25289DDF004EB9AA /* WelcomeVideoPresenter.swift */,
				6BFE5DCD2528B0BE004EB9AA /* HomePresenter.swift */,
				6BA45DA32529FD6B00CB928B /* HomePageDetailPresenter.swift */,
				6B237C65252B03BA0001081F /* LiveEventPresenter.swift */,
				6BCDBA51252B238900D0DDBE /* GalleryPresenter.swift */,
				6BF8EFB7252B472B00E4908B /* ImageAllPresenter.swift */,
				6BF8EFBC252B473A00E4908B /* VideoAllPresnter.swift */,
				180103A42574EFA900227154 /* LikeandSharePresenter.swift */,
				6B5DC21625A05626005F6539 /* BiographyPresenter.swift */,
				6BEB429D25A06C7900C4C9F0 /* AchievementsPresenter.swift */,
				6B8DF5D625A09E2A00CD712D /* PartyPresenter.swift */,
				6B77DACA25A43CAA00DF48DC /* PartyStatePresenter.swift */,
				6BF32F9E25A56FA7002E64D7 /* ElectionDetailPresenter.swift */,
			);
			path = Presenter;
			sourceTree = "<group>";
		};
		6BF8356C25236772007245F8 /* Extension */ = {
			isa = PBXGroup;
			children = (
				6B8A41292528581400EE11B2 /* TapToDismissKeypad.swift */,
				6B8A41272528580700EE11B2 /* ShadowEffectForUIView.swift */,
				6B8A4125252857FF00EE11B2 /* RoundedcornerForUIView.swift */,
				6B8B05ED2525E56000EE03C4 /* NavigationBarTitleOnLeftSide.swift */,
				6BA45DA8252A142C00CB928B /* DateFormatter.swift */,
				6BC86DAA252C56A2000A831F /* HTMLToString.swift */,
				185A60FA2573A44D009DBA67 /* userDefault.swift */,
				6BA3A25E258B324600CD18F0 /* ViewBindToKeypad.swift */,
				6BF3B3DF259DB1970061EC66 /* GradientView.swift */,
			);
			path = Extension;
			sourceTree = "<group>";
		};
		6BF8356D25236787007245F8 /* Vc */ = {
			isa = PBXGroup;
			children = (
				185A60E125739A58009DBA67 /* login.swift */,
				185A60F02573A255009DBA67 /* otp.swift */,
				6BF834F2252338F3007245F8 /* ViewController.swift */,
				6B8B05DB2525DF9800EE03C4 /* TabbarController.swift */,
				6BA2FFD525260F97007D4DF4 /* WelcomeVc.swift */,
				6BFE5DB92528A46A004EB9AA /* Home.swift */,
				6B7E4D20252C961A00815F35 /* Search.swift */,
				6BA45D872529CF3C00CB928B /* ChooseLanguage.swift */,
				6BA45D8F2529F84200CB928B /* HomePageDetail.swift */,
				6BF3B3DA259DAE6F0061EC66 /* NotificationDetails.swift */,
				6B237C6A252B0E880001081F /* Gallery.swift */,
				6BF8EFA6252B443100E4908B /* ImageAll.swift */,
				6BF8EFAB252B445100E4908B /* VideoAll.swift */,
				6BE28D86252A3FF80020AD5C /* Event.swift */,
				6B237C51252AFE0E0001081F /* LiveEvents.swift */,
				6BF8EFC9252B558E00E4908B /* VideoDetail.swift */,
				6B7E4D1B252C8ECB00815F35 /* Social.swift */,
				6BF3B3E4259DDD380061EC66 /* AboutOPS.swift */,
				6BEF40BE259F00BC00881D5D /* Biography.swift */,
				6BEF40C3259F011700881D5D /* Achievments.swift */,
				6BEF40C8259F013400881D5D /* AboutParty.swift */,
				6B77DAC025A42A4000DF48DC /* PartyDetails.swift */,
				6B77DAC525A43C7A00DF48DC /* PartyStateList.swift */,
				6BAF38D025A48A1A006B6DC7 /* ElectionDetails.swift */,
			);
			path = Vc;
			sourceTree = "<group>";
		};
		6BF8356E25236792007245F8 /* Cell */ = {
			isa = PBXGroup;
			children = (
				6BFE5DBE2528A483004EB9AA /* HomeCell.swift */,
				6B8DF5CE25A082FD00CD712D /* AchievementsCell.swift */,
				6BA45D942529F96800CB928B /* ImageSliderCell.swift */,
				6B237C56252AFE400001081F /* LiveEventsCell.swift */,
				6B237C72252B0F600001081F /* ImageCollectionViewCell.swift */,
				6B237C77252B0F730001081F /* VideoCollectionViewCell.swift */,
				6B77DAD625A4401600DF48DC /* PartyStateListCell.swift */,
			);
			path = Cell;
			sourceTree = "<group>";
		};
		6BF8356F252367C6007245F8 /* StoryBoards */ = {
			isa = PBXGroup;
			children = (
				6BF834F4252338F3007245F8 /* Main.storyboard */,
				6B6FF6552523BAC400B26C1A /* Dashboard.storyboard */,
			);
			path = StoryBoards;
			sourceTree = "<group>";
		};
		EA97A2150ED698A349B7C23F /* Frameworks */ = {
			isa = PBXGroup;
			children = (
				1F3E83A60D93B8A0AA15DAA8 /* Pods_OPS.framework */,
			);
			name = Frameworks;
			sourceTree = "<group>";
		};
/* End PBXGroup section */

/* Begin PBXNativeTarget section */
		6BF834EA252338F3007245F8 /* OPS */ = {
			isa = PBXNativeTarget;
			buildConfigurationList = 6BF8351525233913007245F8 /* Build configuration list for PBXNativeTarget "OPS" */;
			buildPhases = (
				24DB7167B79B17D90DB4A40A /* [CP] Check Pods Manifest.lock */,
				6BF834E7252338F3007245F8 /* Sources */,
				6BF834E8252338F3007245F8 /* Frameworks */,
				6BF834E9252338F3007245F8 /* Resources */,
				7DE51169F73A5A2643A49B69 /* [CP] Embed Pods Frameworks */,
			);
			buildRules = (
			);
			dependencies = (
			);
			name = OPS;
			productName = OPS;
			productReference = 6BF834EB252338F3007245F8 /* OPS.app */;
			productType = "com.apple.product-type.application";
		};
		6BF8350025233913007245F8 /* OPSTests */ = {
			isa = PBXNativeTarget;
			buildConfigurationList = 6BF8351825233913007245F8 /* Build configuration list for PBXNativeTarget "OPSTests" */;
			buildPhases = (
				6BF834FD25233913007245F8 /* Sources */,
				6BF834FE25233913007245F8 /* Frameworks */,
				6BF834FF25233913007245F8 /* Resources */,
			);
			buildRules = (
			);
			dependencies = (
				6BF8350325233913007245F8 /* PBXTargetDependency */,
			);
			name = OPSTests;
			productName = OPSTests;
			productReference = 6BF8350125233913007245F8 /* OPSTests.xctest */;
			productType = "com.apple.product-type.bundle.unit-test";
		};
		6BF8350B25233913007245F8 /* OPSUITests */ = {
			isa = PBXNativeTarget;
			buildConfigurationList = 6BF8351B25233913007245F8 /* Build configuration list for PBXNativeTarget "OPSUITests" */;
			buildPhases = (
				6BF8350825233913007245F8 /* Sources */,
				6BF8350925233913007245F8 /* Frameworks */,
				6BF8350A25233913007245F8 /* Resources */,
			);
			buildRules = (
			);
			dependencies = (
				6BF8350E25233913007245F8 /* PBXTargetDependency */,
			);
			name = OPSUITests;
			productName = OPSUITests;
			productReference = 6BF8350C25233913007245F8 /* OPSUITests.xctest */;
			productType = "com.apple.product-type.bundle.ui-testing";
		};
/* End PBXNativeTarget section */

/* Begin PBXProject section */
		6BF834E3252338F3007245F8 /* Project object */ = {
			isa = PBXProject;
			attributes = {
				LastSwiftUpdateCheck = 1200;
				LastUpgradeCheck = 1200;
				TargetAttributes = {
					6BF834EA252338F3007245F8 = {
						CreatedOnToolsVersion = 12.0.1;
						LastSwiftMigration = 1200;
					};
					6BF8350025233913007245F8 = {
						CreatedOnToolsVersion = 12.0.1;
						TestTargetID = 6BF834EA252338F3007245F8;
					};
					6BF8350B25233913007245F8 = {
						CreatedOnToolsVersion = 12.0.1;
						TestTargetID = 6BF834EA252338F3007245F8;
					};
				};
			};
			buildConfigurationList = 6BF834E6252338F3007245F8 /* Build configuration list for PBXProject "OPS" */;
			compatibilityVersion = "Xcode 9.3";
			developmentRegion = en;
			hasScannedForEncodings = 0;
			knownRegions = (
				en,
				Base,
				ta,
			);
			mainGroup = 6BF834E2252338F3007245F8;
			productRefGroup = 6BF834EC252338F3007245F8 /* Products */;
			projectDirPath = "";
			projectRoot = "";
			targets = (
				6BF834EA252338F3007245F8 /* OPS */,
				6BF8350025233913007245F8 /* OPSTests */,
				6BF8350B25233913007245F8 /* OPSUITests */,
			);
		};
/* End PBXProject section */

/* Begin PBXResourcesBuildPhase section */
		6BF834E9252338F3007245F8 /* Resources */ = {
			isa = PBXResourcesBuildPhase;
			buildActionMask = 2147483647;
			files = (
				6BF834FB25233911007245F8 /* LaunchScreen.storyboard in Resources */,
				6BF834F825233911007245F8 /* Assets.xcassets in Resources */,
				6B8B06002525E90100EE03C4 /* Poppins-Regular.ttf in Resources */,
				6B8B05F62525E8EC00EE03C4 /* Poppins-Bold.ttf in Resources */,
				6BA45D792529CCA400CB928B /* Localizable.strings in Resources */,
				6B8B05FB2525E8F800EE03C4 /* Poppins-Medium.ttf in Resources */,
				6BA2FFBC2525F87C007D4DF4 /* Poppins-SemiBold.ttf in Resources */,
				6BF834F6252338F3007245F8 /* Main.storyboard in Resources */,
				6B6FF6562523BAC400B26C1A /* Dashboard.storyboard in Resources */,
			);
			runOnlyForDeploymentPostprocessing = 0;
		};
		6BF834FF25233913007245F8 /* Resources */ = {
			isa = PBXResourcesBuildPhase;
			buildActionMask = 2147483647;
			files = (
			);
			runOnlyForDeploymentPostprocessing = 0;
		};
		6BF8350A25233913007245F8 /* Resources */ = {
			isa = PBXResourcesBuildPhase;
			buildActionMask = 2147483647;
			files = (
			);
			runOnlyForDeploymentPostprocessing = 0;
		};
/* End PBXResourcesBuildPhase section */

/* Begin PBXShellScriptBuildPhase section */
		24DB7167B79B17D90DB4A40A /* [CP] Check Pods Manifest.lock */ = {
			isa = PBXShellScriptBuildPhase;
			buildActionMask = 2147483647;
			files = (
			);
			inputFileListPaths = (
			);
			inputPaths = (
				"${PODS_PODFILE_DIR_PATH}/Podfile.lock",
				"${PODS_ROOT}/Manifest.lock",
			);
			name = "[CP] Check Pods Manifest.lock";
			outputFileListPaths = (
			);
			outputPaths = (
				"$(DERIVED_FILE_DIR)/Pods-OPS-checkManifestLockResult.txt",
			);
			runOnlyForDeploymentPostprocessing = 0;
			shellPath = /bin/sh;
			shellScript = "diff \"${PODS_PODFILE_DIR_PATH}/Podfile.lock\" \"${PODS_ROOT}/Manifest.lock\" > /dev/null\nif [ $? != 0 ] ; then\n    # print error to STDERR\n    echo \"error: The sandbox is not in sync with the Podfile.lock. Run 'pod install' or update your CocoaPods installation.\" >&2\n    exit 1\nfi\n# This output is used by Xcode 'outputs' to avoid re-running this script phase.\necho \"SUCCESS\" > \"${SCRIPT_OUTPUT_FILE_0}\"\n";
			showEnvVarsInLog = 0;
		};
		7DE51169F73A5A2643A49B69 /* [CP] Embed Pods Frameworks */ = {
			isa = PBXShellScriptBuildPhase;
			buildActionMask = 2147483647;
			files = (
			);
			inputFileListPaths = (
				"${PODS_ROOT}/Target Support Files/Pods-OPS/Pods-OPS-frameworks-${CONFIGURATION}-input-files.xcfilelist",
			);
			name = "[CP] Embed Pods Frameworks";
			outputFileListPaths = (
				"${PODS_ROOT}/Target Support Files/Pods-OPS/Pods-OPS-frameworks-${CONFIGURATION}-output-files.xcfilelist",
			);
			runOnlyForDeploymentPostprocessing = 0;
			shellPath = /bin/sh;
			shellScript = "\"${PODS_ROOT}/Target Support Files/Pods-OPS/Pods-OPS-frameworks.sh\"\n";
			showEnvVarsInLog = 0;
		};
/* End PBXShellScriptBuildPhase section */

/* Begin PBXSourcesBuildPhase section */
		6BF834E7252338F3007245F8 /* Sources */ = {
			isa = PBXSourcesBuildPhase;
			buildActionMask = 2147483647;
			files = (
				6BA45DA9252A142C00CB928B /* DateFormatter.swift in Sources */,
				6B8DF5CF25A082FD00CD712D /* AchievementsCell.swift in Sources */,
				6BA45DA42529FD6B00CB928B /* HomePageDetailPresenter.swift in Sources */,
				6BA45D9A2529FBF400CB928B /* HomePageDetailModel.swift in Sources */,
				6BA3A25F258B324600CD18F0 /* ViewBindToKeypad.swift in Sources */,
				6B77DACB25A43CAA00DF48DC /* PartyStatePresenter.swift in Sources */,
				6B7E4D17252C8A4400815F35 /* ViewController.m in Sources */,
				6BF8358625236D84007245F8 /* AppVersionModel.swift in Sources */,
				6BCDBA43252B228300D0DDBE /* GalleryImageModel.swift in Sources */,
				6BEF40C9259F013400881D5D /* AboutParty.swift in Sources */,
				6BCDBA52252B238900D0DDBE /* GalleryPresenter.swift in Sources */,
				185A60E225739A58009DBA67 /* login.swift in Sources */,
				6BFE5DAB25289DDF004EB9AA /* WelcomeVideoPresenter.swift in Sources */,
				6BF32FA425A56FC6002E64D7 /* ElectionDetailService.swift in Sources */,
				6BA45D9F2529FD4D00CB928B /* HomePageDetailServices.swift in Sources */,
				6BFE5DCE2528B0BE004EB9AA /* HomePresenter.swift in Sources */,
				6BF8EFB1252B471000E4908B /* ImageAllService.swift in Sources */,
				6B237C5C252B02D90001081F /* LiveEventModel.swift in Sources */,
				6B237C52252AFE0E0001081F /* LiveEvents.swift in Sources */,
				6B5DC21725A05626005F6539 /* BiographyPresenter.swift in Sources */,
				6B8A41282528580700EE11B2 /* ShadowEffectForUIView.swift in Sources */,
				6B77DAC625A43C7B00DF48DC /* PartyStateList.swift in Sources */,
				6BE28D87252A3FF80020AD5C /* Event.swift in Sources */,
				6BCDBA4D252B230900D0DDBE /* GalleryServices.swift in Sources */,
				6B8A412A2528581400EE11B2 /* TapToDismissKeypad.swift in Sources */,
				6BF8EFA7252B443100E4908B /* ImageAll.swift in Sources */,
				6BF8EFB6252B471E00E4908B /* VideoAllService.swift in Sources */,
				6B8DF5DF25A09E5100CD712D /* PartyService.swift in Sources */,
				6B237C61252B03A20001081F /* LiveEventServices.swift in Sources */,
				6BF8EFAC252B445100E4908B /* VideoAll.swift in Sources */,
				6B77DAC125A42A4000DF48DC /* PartyDetails.swift in Sources */,
				185A60D725739928009DBA67 /* loginPresenter.swift in Sources */,
				6BAF38D125A48A1B006B6DC7 /* ElectionDetails.swift in Sources */,
				6BA45D882529CF3C00CB928B /* ChooseLanguage.swift in Sources */,
				6BF32F9F25A56FA7002E64D7 /* ElectionDetailPresenter.swift in Sources */,
				185A60FB2573A44D009DBA67 /* userDefault.swift in Sources */,
				180103A52574EFA900227154 /* LikeandSharePresenter.swift in Sources */,
				6B7E4D21252C961A00815F35 /* Search.swift in Sources */,
				6BF32FA925A56FDD002E64D7 /* ElectionDetailModel.swift in Sources */,
				6B237C57252AFE400001081F /* LiveEventsCell.swift in Sources */,
				6B5DC21225A05611005F6539 /* BiographyService.swift in Sources */,
				6B237C73252B0F600001081F /* ImageCollectionViewCell.swift in Sources */,
				6BEB42A825A06CE100C4C9F0 /* AchievementsModel.swift in Sources */,
				6B5DC20D25A05545005F6539 /* BiographyModel.swift in Sources */,
				6BF3B3E5259DDD380061EC66 /* AboutOPS.swift in Sources */,
				6B07421725A42356004E5232 /* PartyModel.swift in Sources */,
				6B77DAD725A4401600DF48DC /* PartyStateListCell.swift in Sources */,
				185A60DA25739928009DBA67 /* loginService.swift in Sources */,
				6BF8358125236B04007245F8 /* APIManager.swift in Sources */,
				6BF8357125236811007245F8 /* APIURL.swift in Sources */,
				6B7E4D1C252C8ECB00815F35 /* Social.swift in Sources */,
				6B8A4126252857FF00EE11B2 /* RoundedcornerForUIView.swift in Sources */,
				6BF834F3252338F3007245F8 /* ViewController.swift in Sources */,
				6BFE5DB02528A0D8004EB9AA /* AlertController.swift in Sources */,
				6BF3B3E0259DB1970061EC66 /* GradientView.swift in Sources */,
				6BEF40C4259F011700881D5D /* Achievments.swift in Sources */,
				6BA45D832529CD5100CB928B /* LocalizationSystem.swift in Sources */,
				6B8DF5D725A09E2A00CD712D /* PartyPresenter.swift in Sources */,
				6BFE5DBA2528A46A004EB9AA /* Home.swift in Sources */,
				180103A02574EEF300227154 /* LikeandShareService.swift in Sources */,
				6BEB42A325A06CA500C4C9F0 /* AchievementsService.swift in Sources */,
				185A60F62573A409009DBA67 /* BottomBorder.swift in Sources */,
				6B8B05EE2525E56000EE03C4 /* NavigationBarTitleOnLeftSide.swift in Sources */,
				185A60CF2573990F009DBA67 /* otpModel.swift in Sources */,
				185A60E72573A200009DBA67 /* constants.swift in Sources */,
				6B77DACD25A43CC700DF48DC /* PartyStateService.swift in Sources */,
				6B237C66252B03BA0001081F /* LiveEventPresenter.swift in Sources */,
				6BF8EFBD252B473A00E4908B /* VideoAllPresnter.swift in Sources */,
				6BFE5DA125289AA3004EB9AA /* WelcomeVideoModel.swift in Sources */,
				6BEF40BF259F00BC00881D5D /* Biography.swift in Sources */,
				6BEB429E25A06C7900C4C9F0 /* AchievementsPresenter.swift in Sources */,
				6BFE5DC92528B0A4004EB9AA /* HomeServices.swift in Sources */,
				6BF8EFB8252B472B00E4908B /* ImageAllPresenter.swift in Sources */,
				6BF3B3DB259DAE6F0061EC66 /* NotificationDetails.swift in Sources */,
				6BC86DAB252C56A2000A831F /* HTMLToString.swift in Sources */,
				6BF834EF252338F3007245F8 /* AppDelegate.swift in Sources */,
				6BA2FFD625260F97007D4DF4 /* WelcomeVc.swift in Sources */,
				6BFE5DBF2528A483004EB9AA /* HomeCell.swift in Sources */,
				185A60D925739928009DBA67 /* otpPresenter.swift in Sources */,
				6BF8357925236930007245F8 /* APIFunctionName.swift in Sources */,
				185A60D825739928009DBA67 /* otpService.swift in Sources */,
				185A60F12573A255009DBA67 /* otp.swift in Sources */,
				1801039B2574EE9700227154 /* LikeandShareModel.swift in Sources */,
				6B8B05DC2525DF9900EE03C4 /* TabbarController.swift in Sources */,
				6BA45D952529F96800CB928B /* ImageSliderCell.swift in Sources */,
				6BCDBA48252B229700D0DDBE /* GalleryVideosModel.swift in Sources */,
				6BF8EFCA252B558E00E4908B /* VideoDetail.swift in Sources */,
				6BFE5DC42528B06F004EB9AA /* HomeModel.swift in Sources */,
				6BA45D902529F84200CB928B /* HomePageDetail.swift in Sources */,
				6B237C6B252B0E880001081F /* Gallery.swift in Sources */,
				6BFE5DA625289DC6004EB9AA /* WelcomeVideoServices.swift in Sources */,
				6BFE5DB52528A0ED004EB9AA /* ActivityIndicator.swift in Sources */,
				6B237C78252B0F730001081F /* VideoCollectionViewCell.swift in Sources */,
				6BF834F1252338F3007245F8 /* SceneDelegate.swift in Sources */,
				185A60EC2573A225009DBA67 /* Reachability.swift in Sources */,
				6B77DAD225A43D1600DF48DC /* PartyStateModel.swift in Sources */,
				185A60CA257398FC009DBA67 /* loginModel.swift in Sources */,
			);
			runOnlyForDeploymentPostprocessing = 0;
		};
		6BF834FD25233913007245F8 /* Sources */ = {
			isa = PBXSourcesBuildPhase;
			buildActionMask = 2147483647;
			files = (
				6BF8350625233913007245F8 /* OPSTests.swift in Sources */,
			);
			runOnlyForDeploymentPostprocessing = 0;
		};
		6BF8350825233913007245F8 /* Sources */ = {
			isa = PBXSourcesBuildPhase;
			buildActionMask = 2147483647;
			files = (
				6BF8351125233913007245F8 /* OPSUITests.swift in Sources */,
			);
			runOnlyForDeploymentPostprocessing = 0;
		};
/* End PBXSourcesBuildPhase section */

/* Begin PBXTargetDependency section */
		6BF8350325233913007245F8 /* PBXTargetDependency */ = {
			isa = PBXTargetDependency;
			target = 6BF834EA252338F3007245F8 /* OPS */;
			targetProxy = 6BF8350225233913007245F8 /* PBXContainerItemProxy */;
		};
		6BF8350E25233913007245F8 /* PBXTargetDependency */ = {
			isa = PBXTargetDependency;
			target = 6BF834EA252338F3007245F8 /* OPS */;
			targetProxy = 6BF8350D25233913007245F8 /* PBXContainerItemProxy */;
		};
/* End PBXTargetDependency section */

/* Begin PBXVariantGroup section */
		6BA45D7B2529CCA400CB928B /* Localizable.strings */ = {
			isa = PBXVariantGroup;
			children = (
				6BA45D7A2529CCA400CB928B /* en */,
				6BA45D812529CCD400CB928B /* ta */,
			);
			name = Localizable.strings;
			sourceTree = "<group>";
		};
		6BF834F4252338F3007245F8 /* Main.storyboard */ = {
			isa = PBXVariantGroup;
			children = (
				6BF834F5252338F3007245F8 /* Base */,
				6BA45D7F2529CCD400CB928B /* ta */,
			);
			name = Main.storyboard;
			sourceTree = "<group>";
		};
		6BF834F925233911007245F8 /* LaunchScreen.storyboard */ = {
			isa = PBXVariantGroup;
			children = (
				6BF834FA25233911007245F8 /* Base */,
				6BA45D802529CCD400CB928B /* ta */,
			);
			name = LaunchScreen.storyboard;
			sourceTree = "<group>";
		};
/* End PBXVariantGroup section */

/* Begin XCBuildConfiguration section */
		6BF8351325233913007245F8 /* Debug */ = {
			isa = XCBuildConfiguration;
			buildSettings = {
				ALWAYS_SEARCH_USER_PATHS = NO;
				CLANG_ANALYZER_LOCALIZABILITY_NONLOCALIZED = YES;
				CLANG_ANALYZER_NONNULL = YES;
				CLANG_ANALYZER_NUMBER_OBJECT_CONVERSION = YES_AGGRESSIVE;
				CLANG_CXX_LANGUAGE_STANDARD = "gnu++14";
				CLANG_CXX_LIBRARY = "libc++";
				CLANG_ENABLE_MODULES = YES;
				CLANG_ENABLE_OBJC_ARC = YES;
				CLANG_ENABLE_OBJC_WEAK = YES;
				CLANG_WARN_BLOCK_CAPTURE_AUTORELEASING = YES;
				CLANG_WARN_BOOL_CONVERSION = YES;
				CLANG_WARN_COMMA = YES;
				CLANG_WARN_CONSTANT_CONVERSION = YES;
				CLANG_WARN_DEPRECATED_OBJC_IMPLEMENTATIONS = YES;
				CLANG_WARN_DIRECT_OBJC_ISA_USAGE = YES_ERROR;
				CLANG_WARN_DOCUMENTATION_COMMENTS = YES;
				CLANG_WARN_EMPTY_BODY = YES;
				CLANG_WARN_ENUM_CONVERSION = YES;
				CLANG_WARN_INFINITE_RECURSION = YES;
				CLANG_WARN_INT_CONVERSION = YES;
				CLANG_WARN_NON_LITERAL_NULL_CONVERSION = YES;
				CLANG_WARN_OBJC_IMPLICIT_RETAIN_SELF = YES;
				CLANG_WARN_OBJC_LITERAL_CONVERSION = YES;
				CLANG_WARN_OBJC_ROOT_CLASS = YES_ERROR;
				CLANG_WARN_QUOTED_INCLUDE_IN_FRAMEWORK_HEADER = YES;
				CLANG_WARN_RANGE_LOOP_ANALYSIS = YES;
				CLANG_WARN_STRICT_PROTOTYPES = YES;
				CLANG_WARN_SUSPICIOUS_MOVE = YES;
				CLANG_WARN_UNGUARDED_AVAILABILITY = YES_AGGRESSIVE;
				CLANG_WARN_UNREACHABLE_CODE = YES;
				CLANG_WARN__DUPLICATE_METHOD_MATCH = YES;
				COPY_PHASE_STRIP = NO;
				DEBUG_INFORMATION_FORMAT = dwarf;
				ENABLE_STRICT_OBJC_MSGSEND = YES;
				ENABLE_TESTABILITY = YES;
				GCC_C_LANGUAGE_STANDARD = gnu11;
				GCC_DYNAMIC_NO_PIC = NO;
				GCC_NO_COMMON_BLOCKS = YES;
				GCC_OPTIMIZATION_LEVEL = 0;
				GCC_PREPROCESSOR_DEFINITIONS = (
					"DEBUG=1",
					"$(inherited)",
				);
				GCC_WARN_64_TO_32_BIT_CONVERSION = YES;
				GCC_WARN_ABOUT_RETURN_TYPE = YES_ERROR;
				GCC_WARN_UNDECLARED_SELECTOR = YES;
				GCC_WARN_UNINITIALIZED_AUTOS = YES_AGGRESSIVE;
				GCC_WARN_UNUSED_FUNCTION = YES;
				GCC_WARN_UNUSED_VARIABLE = YES;
				IPHONEOS_DEPLOYMENT_TARGET = 14.0;
				MTL_ENABLE_DEBUG_INFO = INCLUDE_SOURCE;
				MTL_FAST_MATH = YES;
				ONLY_ACTIVE_ARCH = YES;
				SDKROOT = iphoneos;
				SWIFT_ACTIVE_COMPILATION_CONDITIONS = DEBUG;
				SWIFT_OPTIMIZATION_LEVEL = "-Onone";
			};
			name = Debug;
		};
		6BF8351425233913007245F8 /* Release */ = {
			isa = XCBuildConfiguration;
			buildSettings = {
				ALWAYS_SEARCH_USER_PATHS = NO;
				CLANG_ANALYZER_LOCALIZABILITY_NONLOCALIZED = YES;
				CLANG_ANALYZER_NONNULL = YES;
				CLANG_ANALYZER_NUMBER_OBJECT_CONVERSION = YES_AGGRESSIVE;
				CLANG_CXX_LANGUAGE_STANDARD = "gnu++14";
				CLANG_CXX_LIBRARY = "libc++";
				CLANG_ENABLE_MODULES = YES;
				CLANG_ENABLE_OBJC_ARC = YES;
				CLANG_ENABLE_OBJC_WEAK = YES;
				CLANG_WARN_BLOCK_CAPTURE_AUTORELEASING = YES;
				CLANG_WARN_BOOL_CONVERSION = YES;
				CLANG_WARN_COMMA = YES;
				CLANG_WARN_CONSTANT_CONVERSION = YES;
				CLANG_WARN_DEPRECATED_OBJC_IMPLEMENTATIONS = YES;
				CLANG_WARN_DIRECT_OBJC_ISA_USAGE = YES_ERROR;
				CLANG_WARN_DOCUMENTATION_COMMENTS = YES;
				CLANG_WARN_EMPTY_BODY = YES;
				CLANG_WARN_ENUM_CONVERSION = YES;
				CLANG_WARN_INFINITE_RECURSION = YES;
				CLANG_WARN_INT_CONVERSION = YES;
				CLANG_WARN_NON_LITERAL_NULL_CONVERSION = YES;
				CLANG_WARN_OBJC_IMPLICIT_RETAIN_SELF = YES;
				CLANG_WARN_OBJC_LITERAL_CONVERSION = YES;
				CLANG_WARN_OBJC_ROOT_CLASS = YES_ERROR;
				CLANG_WARN_QUOTED_INCLUDE_IN_FRAMEWORK_HEADER = YES;
				CLANG_WARN_RANGE_LOOP_ANALYSIS = YES;
				CLANG_WARN_STRICT_PROTOTYPES = YES;
				CLANG_WARN_SUSPICIOUS_MOVE = YES;
				CLANG_WARN_UNGUARDED_AVAILABILITY = YES_AGGRESSIVE;
				CLANG_WARN_UNREACHABLE_CODE = YES;
				CLANG_WARN__DUPLICATE_METHOD_MATCH = YES;
				COPY_PHASE_STRIP = NO;
				DEBUG_INFORMATION_FORMAT = "dwarf-with-dsym";
				ENABLE_NS_ASSERTIONS = NO;
				ENABLE_STRICT_OBJC_MSGSEND = YES;
				GCC_C_LANGUAGE_STANDARD = gnu11;
				GCC_NO_COMMON_BLOCKS = YES;
				GCC_WARN_64_TO_32_BIT_CONVERSION = YES;
				GCC_WARN_ABOUT_RETURN_TYPE = YES_ERROR;
				GCC_WARN_UNDECLARED_SELECTOR = YES;
				GCC_WARN_UNINITIALIZED_AUTOS = YES_AGGRESSIVE;
				GCC_WARN_UNUSED_FUNCTION = YES;
				GCC_WARN_UNUSED_VARIABLE = YES;
				IPHONEOS_DEPLOYMENT_TARGET = 14.0;
				MTL_ENABLE_DEBUG_INFO = NO;
				MTL_FAST_MATH = YES;
				SDKROOT = iphoneos;
				SWIFT_COMPILATION_MODE = wholemodule;
				SWIFT_OPTIMIZATION_LEVEL = "-O";
				VALIDATE_PRODUCT = YES;
			};
			name = Release;
		};
		6BF8351625233913007245F8 /* Debug */ = {
			isa = XCBuildConfiguration;
			baseConfigurationReference = CC5E01F9C2A2E51CD479DC1B /* Pods-OPS.debug.xcconfig */;
			buildSettings = {
				ASSETCATALOG_COMPILER_APPICON_NAME = AppIcon;
				ASSETCATALOG_COMPILER_GLOBAL_ACCENT_COLOR_NAME = AccentColor;
				CLANG_ENABLE_MODULES = YES;
				CODE_SIGN_STYLE = Automatic;
				DEVELOPMENT_TEAM = 6V986NC4N5;
				INFOPLIST_FILE = OPS/Info.plist;
				IPHONEOS_DEPLOYMENT_TARGET = 12.4;
				LD_RUNPATH_SEARCH_PATHS = (
					"$(inherited)",
					"@executable_path/Frameworks",
				);
				PRODUCT_BUNDLE_IDENTIFIER = com.hst..OPS;
				PRODUCT_NAME = "$(TARGET_NAME)";
				SWIFT_OBJC_BRIDGING_HEADER = "OPS/Helper/HMSegmentControl/OPS-Bridging-Header.h";
				SWIFT_OPTIMIZATION_LEVEL = "-Onone";
				SWIFT_VERSION = 5.0;
				TARGETED_DEVICE_FAMILY = 1;
			};
			name = Debug;
		};
		6BF8351725233913007245F8 /* Release */ = {
			isa = XCBuildConfiguration;
			baseConfigurationReference = A29872C01FCB6AFF939DC42D /* Pods-OPS.release.xcconfig */;
			buildSettings = {
				ASSETCATALOG_COMPILER_APPICON_NAME = AppIcon;
				ASSETCATALOG_COMPILER_GLOBAL_ACCENT_COLOR_NAME = AccentColor;
				CLANG_ENABLE_MODULES = YES;
				CODE_SIGN_STYLE = Automatic;
				DEVELOPMENT_TEAM = 6V986NC4N5;
				INFOPLIST_FILE = OPS/Info.plist;
				IPHONEOS_DEPLOYMENT_TARGET = 12.4;
				LD_RUNPATH_SEARCH_PATHS = (
					"$(inherited)",
					"@executable_path/Frameworks",
				);
				PRODUCT_BUNDLE_IDENTIFIER = com.hst..OPS;
				PRODUCT_NAME = "$(TARGET_NAME)";
				SWIFT_OBJC_BRIDGING_HEADER = "OPS/Helper/HMSegmentControl/OPS-Bridging-Header.h";
				SWIFT_VERSION = 5.0;
				TARGETED_DEVICE_FAMILY = 1;
			};
			name = Release;
		};
		6BF8351925233913007245F8 /* Debug */ = {
			isa = XCBuildConfiguration;
			buildSettings = {
				ALWAYS_EMBED_SWIFT_STANDARD_LIBRARIES = YES;
				BUNDLE_LOADER = "$(TEST_HOST)";
				CODE_SIGN_STYLE = Automatic;
				DEVELOPMENT_TEAM = 6V986NC4N5;
				INFOPLIST_FILE = OPSTests/Info.plist;
				IPHONEOS_DEPLOYMENT_TARGET = 14.0;
				LD_RUNPATH_SEARCH_PATHS = (
					"$(inherited)",
					"@executable_path/Frameworks",
					"@loader_path/Frameworks",
				);
				PRODUCT_BUNDLE_IDENTIFIER = com.hst..OPSTests;
				PRODUCT_NAME = "$(TARGET_NAME)";
				SWIFT_VERSION = 5.0;
				TARGETED_DEVICE_FAMILY = "1,2";
				TEST_HOST = "$(BUILT_PRODUCTS_DIR)/OPS.app/OPS";
			};
			name = Debug;
		};
		6BF8351A25233913007245F8 /* Release */ = {
			isa = XCBuildConfiguration;
			buildSettings = {
				ALWAYS_EMBED_SWIFT_STANDARD_LIBRARIES = YES;
				BUNDLE_LOADER = "$(TEST_HOST)";
				CODE_SIGN_STYLE = Automatic;
				DEVELOPMENT_TEAM = 6V986NC4N5;
				INFOPLIST_FILE = OPSTests/Info.plist;
				IPHONEOS_DEPLOYMENT_TARGET = 14.0;
				LD_RUNPATH_SEARCH_PATHS = (
					"$(inherited)",
					"@executable_path/Frameworks",
					"@loader_path/Frameworks",
				);
				PRODUCT_BUNDLE_IDENTIFIER = com.hst..OPSTests;
				PRODUCT_NAME = "$(TARGET_NAME)";
				SWIFT_VERSION = 5.0;
				TARGETED_DEVICE_FAMILY = "1,2";
				TEST_HOST = "$(BUILT_PRODUCTS_DIR)/OPS.app/OPS";
			};
			name = Release;
		};
		6BF8351C25233913007245F8 /* Debug */ = {
			isa = XCBuildConfiguration;
			buildSettings = {
				ALWAYS_EMBED_SWIFT_STANDARD_LIBRARIES = YES;
				CODE_SIGN_STYLE = Automatic;
				DEVELOPMENT_TEAM = 6V986NC4N5;
				INFOPLIST_FILE = OPSUITests/Info.plist;
				LD_RUNPATH_SEARCH_PATHS = (
					"$(inherited)",
					"@executable_path/Frameworks",
					"@loader_path/Frameworks",
				);
				PRODUCT_BUNDLE_IDENTIFIER = com.hst..OPSUITests;
				PRODUCT_NAME = "$(TARGET_NAME)";
				SWIFT_VERSION = 5.0;
				TARGETED_DEVICE_FAMILY = "1,2";
				TEST_TARGET_NAME = OPS;
			};
			name = Debug;
		};
		6BF8351D25233913007245F8 /* Release */ = {
			isa = XCBuildConfiguration;
			buildSettings = {
				ALWAYS_EMBED_SWIFT_STANDARD_LIBRARIES = YES;
				CODE_SIGN_STYLE = Automatic;
				DEVELOPMENT_TEAM = 6V986NC4N5;
				INFOPLIST_FILE = OPSUITests/Info.plist;
				LD_RUNPATH_SEARCH_PATHS = (
					"$(inherited)",
					"@executable_path/Frameworks",
					"@loader_path/Frameworks",
				);
				PRODUCT_BUNDLE_IDENTIFIER = com.hst..OPSUITests;
				PRODUCT_NAME = "$(TARGET_NAME)";
				SWIFT_VERSION = 5.0;
				TARGETED_DEVICE_FAMILY = "1,2";
				TEST_TARGET_NAME = OPS;
			};
			name = Release;
		};
/* End XCBuildConfiguration section */

/* Begin XCConfigurationList section */
		6BF834E6252338F3007245F8 /* Build configuration list for PBXProject "OPS" */ = {
			isa = XCConfigurationList;
			buildConfigurations = (
				6BF8351325233913007245F8 /* Debug */,
				6BF8351425233913007245F8 /* Release */,
			);
			defaultConfigurationIsVisible = 0;
			defaultConfigurationName = Release;
		};
		6BF8351525233913007245F8 /* Build configuration list for PBXNativeTarget "OPS" */ = {
			isa = XCConfigurationList;
			buildConfigurations = (
				6BF8351625233913007245F8 /* Debug */,
				6BF8351725233913007245F8 /* Release */,
			);
			defaultConfigurationIsVisible = 0;
			defaultConfigurationName = Release;
		};
		6BF8351825233913007245F8 /* Build configuration list for PBXNativeTarget "OPSTests" */ = {
			isa = XCConfigurationList;
			buildConfigurations = (
				6BF8351925233913007245F8 /* Debug */,
				6BF8351A25233913007245F8 /* Release */,
			);
			defaultConfigurationIsVisible = 0;
			defaultConfigurationName = Release;
		};
		6BF8351B25233913007245F8 /* Build configuration list for PBXNativeTarget "OPSUITests" */ = {
			isa = XCConfigurationList;
			buildConfigurations = (
				6BF8351C25233913007245F8 /* Debug */,
				6BF8351D25233913007245F8 /* Release */,
			);
			defaultConfigurationIsVisible = 0;
			defaultConfigurationName = Release;
		};
/* End XCConfigurationList section */
	};
	rootObject = 6BF834E3252338F3007245F8 /* Project object */;
}
